
Microsoft Visual Studio Solution File, Format Version 12.00
# Visual Studio Version 17
VisualStudioVersion = 17.5.33530.505
MinimumVisualStudioVersion = 10.0.40219.1
Project("{FAE04EC0-301F-11D3-BF4B-00C04F79EFBC}") = "WS01", "WS01\WS01.csproj", "{798BF4C7-3FE7-4020-B7FF-9C66E9C40837}"
EndProject
Global
	GlobalSection(SolutionConfigurationPlatforms) = preSolution
		Debug|Any CPU = Debug|Any CPU
		Release|Any CPU = Release|Any CPU
	EndGlobalSection
	GlobalSection(ProjectConfigurationPlatforms) = postSolution
		{798BF4C7-3FE7-4020-B7FF-9C66E9C40837}.Debug|Any CPU.ActiveCfg = Debug|Any CPU
		{798BF4C7-3FE7-4020-B7FF-9C66E9C40837}.Debug|Any CPU.Build.0 = Debug|Any CPU
		{798BF4C7-3FE7-4020-B7FF-9C66E9C40837}.Release|Any CPU.ActiveCfg = Release|Any CPU
		{798BF4C7-3FE7-4020-B7FF-9C66E9C40837}.Release|Any CPU.Build.0 = Release|Any CPU
	EndGlobalSection
	GlobalSection(SolutionProperties) = preSolution
		HideSolutionNode = FALSE
	EndGlobalSection
	GlobalSection(ExtensibilityGlobals) = postSolution
		SolutionGuid = {A6022772-73C5-43C3-8F44-C59C0C55E0E7}
	EndGlobalSection
EndGlobal
